# THIS IS AN AUTOGENERATED FILE. DO NOT EDIT THIS FILE DIRECTLY.
# yarn lockfile v1


ngeohash@^0.6.3:
  version "0.6.3"
  resolved "https://registry.yarnpkg.com/ngeohash/-/ngeohash-0.6.3.tgz#10b1e80be5488262ec95c56cf2dbb6c45fbdf245"
  integrity sha512-kltF0cOxgx1AbmVzKxYZaoB0aj7mOxZeHaerEtQV0YaqnkXNq26WWqMmJ6lTqShYxVRWZ/mwvvTrNeOwdslWiw==
